
Microsoft Visual Studio Solution File, Format Version 12.00
# Visual Studio Version 17
VisualStudioVersion = 17.11.35327.3
MinimumVisualStudioVersion = 10.0.40219.1
Project("{F184B08F-C81C-45F6-A57F-5ABD9991F28F}") = "tp3 vb.net", "tp3 vb.net.vbproj", "{E7CBCD3F-FF9C-432D-9402-63E0DD65CD95}"
EndProject
Project("{F184B08F-C81C-45F6-A57F-5ABD9991F28F}") = "tp3vb", "..\..\..\..\..\tp3vb\tp3vb.vbproj", "{658662F0-2746-4A7C-B456-C4F1C89B803D}"
EndProject
Global
	GlobalSection(SolutionConfigurationPlatforms) = preSolution
		Debug|Any CPU = Debug|Any CPU
		Release|Any CPU = Release|Any CPU
	EndGlobalSection
	GlobalSection(ProjectConfigurationPlatforms) = postSolution
		{E7CBCD3F-FF9C-432D-9402-63E0DD65CD95}.Debug|Any CPU.ActiveCfg = Debug|Any CPU
		{E7CBCD3F-FF9C-432D-9402-63E0DD65CD95}.Debug|Any CPU.Build.0 = Debug|Any CPU
		{E7CBCD3F-FF9C-432D-9402-63E0DD65CD95}.Release|Any CPU.ActiveCfg = Release|Any CPU
		{E7CBCD3F-FF9C-432D-9402-63E0DD65CD95}.Release|Any CPU.Build.0 = Release|Any CPU
		{658662F0-2746-4A7C-B456-C4F1C89B803D}.Debug|Any CPU.ActiveCfg = Debug|Any CPU
		{658662F0-2746-4A7C-B456-C4F1C89B803D}.Debug|Any CPU.Build.0 = Debug|Any CPU
		{658662F0-2746-4A7C-B456-C4F1C89B803D}.Release|Any CPU.ActiveCfg = Release|Any CPU
		{658662F0-2746-4A7C-B456-C4F1C89B803D}.Release|Any CPU.Build.0 = Release|Any CPU
	EndGlobalSection
	GlobalSection(SolutionProperties) = preSolution
		HideSolutionNode = FALSE
	EndGlobalSection
	GlobalSection(ExtensibilityGlobals) = postSolution
		SolutionGuid = {ADDB3CBD-A63B-462F-A1D0-94CCA262795E}
	EndGlobalSection
EndGlobal
